// !$*UTF8*$!
{
	archiveVersion = 1;
	classes = {
	};
	objectVersion = 45;
	objects = {

/* Begin PBXBuildFile section */
		710866421B4228E100CE6090 /* AppDelegate.swift in Sources */ = {isa = PBXBuildFile; fileRef = 710866411B4228E100CE6090 /* AppDelegate.swift */; };
		710866441B4228E100CE6090 /* DebugViewController.swift in Sources */ = {isa = PBXBuildFile; fileRef = 710866431B4228E100CE6090 /* DebugViewController.swift */; };
		710866471B4228E100CE6090 /* Main.storyboard in Resources */ = {isa = PBXBuildFile; fileRef = 710866451B4228E100CE6090 /* Main.storyboard */; };
		710866491B4228E100CE6090 /* Images.xcassets in Resources */ = {isa = PBXBuildFile; fileRef = 710866481B4228E100CE6090 /* Images.xcassets */; };
		7108664C1B4228E100CE6090 /* LaunchScreen.xib in Resources */ = {isa = PBXBuildFile; fileRef = 7108664A1B4228E100CE6090 /* LaunchScreen.xib */; };
		710866581B4228E100CE6090 /* SwiftBeaconTests.swift in Sources */ = {isa = PBXBuildFile; fileRef = 710866571B4228E100CE6090 /* SwiftBeaconTests.swift */; };
		710866621B422CA400CE6090 /* CoreLocation.framework in Frameworks */ = {isa = PBXBuildFile; fileRef = 710866611B422CA400CE6090 /* CoreLocation.framework */; };
		716C9E1C1B42719200C9AB9A /* EventTableViewController.swift in Sources */ = {isa = PBXBuildFile; fileRef = 716C9E1B1B42719200C9AB9A /* EventTableViewController.swift */; };
		716C9E1E1B4273B700C9AB9A /* EventModel.swift in Sources */ = {isa = PBXBuildFile; fileRef = 716C9E1D1B4273B700C9AB9A /* EventModel.swift */; };
		719B0D881B46D45400712090 /* EventTopicModel.swift in Sources */ = {isa = PBXBuildFile; fileRef = 719B0D871B46D45400712090 /* EventTopicModel.swift */; };
		71ADFC401B4655DD00875924 /* BeaconFinder.swift in Sources */ = {isa = PBXBuildFile; fileRef = 71ADFC3F1B4655DD00875924 /* BeaconFinder.swift */; };
		71ADFC421B46961600875924 /* SwiftyJSON.swift in Sources */ = {isa = PBXBuildFile; fileRef = 71ADFC411B46961600875924 /* SwiftyJSON.swift */; };
		71B566681B44CBE0000258C9 /* testData.json in Resources */ = {isa = PBXBuildFile; fileRef = 71B566671B44CBE0000258C9 /* testData.json */; };
		71D4EBB71B43E0AB00B2A3D2 /* RootViewController.swift in Sources */ = {isa = PBXBuildFile; fileRef = 71D4EBB61B43E0AB00B2A3D2 /* RootViewController.swift */; };
/* End PBXBuildFile section */

/* Begin PBXContainerItemProxy section */
		710866521B4228E100CE6090 /* PBXContainerItemProxy */ = {
			isa = PBXContainerItemProxy;
			containerPortal = 710866341B4228E000CE6090 /* Project object */;
			proxyType = 1;
			remoteGlobalIDString = 7108663B1B4228E000CE6090;
			remoteInfo = SwiftBeacon;
		};
/* End PBXContainerItemProxy section */

/* Begin PBXFileReference section */
		7108663C1B4228E000CE6090 /* SwiftBeacon.app */ = {isa = PBXFileReference; explicitFileType = wrapper.application; includeInIndex = 0; path = SwiftBeacon.app; sourceTree = BUILT_PRODUCTS_DIR; };
		710866401B4228E100CE6090 /* Info.plist */ = {isa = PBXFileReference; lastKnownFileType = text.plist.xml; path = Info.plist; sourceTree = "<group>"; };
		710866411B4228E100CE6090 /* AppDelegate.swift */ = {isa = PBXFileReference; lastKnownFileType = sourcecode.swift; path = AppDelegate.swift; sourceTree = "<group>"; };
		710866431B4228E100CE6090 /* DebugViewController.swift */ = {isa = PBXFileReference; lastKnownFileType = sourcecode.swift; path = DebugViewController.swift; sourceTree = "<group>"; };
		710866461B4228E100CE6090 /* Base */ = {isa = PBXFileReference; lastKnownFileType = file.storyboard; name = Base; path = Base.lproj/Main.storyboard; sourceTree = "<group>"; };
		710866481B4228E100CE6090 /* Images.xcassets */ = {isa = PBXFileReference; lastKnownFileType = folder.assetcatalog; path = Images.xcassets; sourceTree = "<group>"; };
		7108664B1B4228E100CE6090 /* Base */ = {isa = PBXFileReference; lastKnownFileType = file.xib; name = Base; path = Base.lproj/LaunchScreen.xib; sourceTree = "<group>"; };
		710866511B4228E100CE6090 /* SwiftBeaconTests.xctest */ = {isa = PBXFileReference; explicitFileType = wrapper.cfbundle; includeInIndex = 0; path = SwiftBeaconTests.xctest; sourceTree = BUILT_PRODUCTS_DIR; };
		710866561B4228E100CE6090 /* Info.plist */ = {isa = PBXFileReference; lastKnownFileType = text.plist.xml; path = Info.plist; sourceTree = "<group>"; };
		710866571B4228E100CE6090 /* SwiftBeaconTests.swift */ = {isa = PBXFileReference; lastKnownFileType = sourcecode.swift; path = SwiftBeaconTests.swift; sourceTree = "<group>"; };
		710866611B422CA400CE6090 /* CoreLocation.framework */ = {isa = PBXFileReference; lastKnownFileType = wrapper.framework; name = CoreLocation.framework; path = System/Library/Frameworks/CoreLocation.framework; sourceTree = SDKROOT; };
		716C9E1B1B42719200C9AB9A /* EventTableViewController.swift */ = {isa = PBXFileReference; fileEncoding = 4; lastKnownFileType = sourcecode.swift; path = EventTableViewController.swift; sourceTree = "<group>"; };
		716C9E1D1B4273B700C9AB9A /* EventModel.swift */ = {isa = PBXFileReference; fileEncoding = 4; lastKnownFileType = sourcecode.swift; path = EventModel.swift; sourceTree = "<group>"; };
		719B0D831B46D41000712090 /* SwiftBeacon-Bridging-Header.h */ = {isa = PBXFileReference; lastKnownFileType = sourcecode.c.h; path = "SwiftBeacon-Bridging-Header.h"; sourceTree = "<group>"; };
		719B0D871B46D45400712090 /* EventTopicModel.swift */ = {isa = PBXFileReference; fileEncoding = 4; lastKnownFileType = sourcecode.swift; path = EventTopicModel.swift; sourceTree = "<group>"; };
		71ADFC3F1B4655DD00875924 /* BeaconFinder.swift */ = {isa = PBXFileReference; fileEncoding = 4; lastKnownFileType = sourcecode.swift; path = BeaconFinder.swift; sourceTree = "<group>"; };
		71ADFC411B46961600875924 /* SwiftyJSON.swift */ = {isa = PBXFileReference; fileEncoding = 4; lastKnownFileType = sourcecode.swift; path = SwiftyJSON.swift; sourceTree = "<group>"; };
		71B566671B44CBE0000258C9 /* testData.json */ = {isa = PBXFileReference; fileEncoding = 4; lastKnownFileType = text.json; name = testData.json; path = ../testData.json; sourceTree = "<group>"; };
		71D4EBB61B43E0AB00B2A3D2 /* RootViewController.swift */ = {isa = PBXFileReference; fileEncoding = 4; lastKnownFileType = sourcecode.swift; path = RootViewController.swift; sourceTree = "<group>"; };
/* End PBXFileReference section */

/* Begin PBXFrameworksBuildPhase section */
		710866391B4228E000CE6090 /* Frameworks */ = {
			isa = PBXFrameworksBuildPhase;
			buildActionMask = 2147483647;
			files = (
				710866621B422CA400CE6090 /* CoreLocation.framework in Frameworks */,
			);
			runOnlyForDeploymentPostprocessing = 0;
		};
		7108664E1B4228E100CE6090 /* Frameworks */ = {
			isa = PBXFrameworksBuildPhase;
			buildActionMask = 2147483647;
			files = (
			);
			runOnlyForDeploymentPostprocessing = 0;
		};
/* End PBXFrameworksBuildPhase section */

/* Begin PBXGroup section */
		710866331B4228E000CE6090 = {
			isa = PBXGroup;
			children = (
				710866611B422CA400CE6090 /* CoreLocation.framework */,
				7108663E1B4228E000CE6090 /* SwiftBeacon */,
				710866541B4228E100CE6090 /* SwiftBeaconTests */,
				7108663D1B4228E000CE6090 /* Products */,
			);
			sourceTree = "<group>";
		};
		7108663D1B4228E000CE6090 /* Products */ = {
			isa = PBXGroup;
			children = (
				7108663C1B4228E000CE6090 /* SwiftBeacon.app */,
				710866511B4228E100CE6090 /* SwiftBeaconTests.xctest */,
			);
			name = Products;
			sourceTree = "<group>";
		};
		7108663E1B4228E000CE6090 /* SwiftBeacon */ = {
			isa = PBXGroup;
			children = (
				71ADFC3F1B4655DD00875924 /* BeaconFinder.swift */,
				716C9E1B1B42719200C9AB9A /* EventTableViewController.swift */,
				716C9E1D1B4273B700C9AB9A /* EventModel.swift */,
				719B0D871B46D45400712090 /* EventTopicModel.swift */,
				71ADFC411B46961600875924 /* SwiftyJSON.swift */,
				710866411B4228E100CE6090 /* AppDelegate.swift */,
				71D4EBB61B43E0AB00B2A3D2 /* RootViewController.swift */,
				710866431B4228E100CE6090 /* DebugViewController.swift */,
				719B0D831B46D41000712090 /* SwiftBeacon-Bridging-Header.h */,
				71B566671B44CBE0000258C9 /* testData.json */,
				710866451B4228E100CE6090 /* Main.storyboard */,
				710866481B4228E100CE6090 /* Images.xcassets */,
				7108664A1B4228E100CE6090 /* LaunchScreen.xib */,
				7108663F1B4228E100CE6090 /* Supporting Files */,
			);
			path = SwiftBeacon;
			sourceTree = "<group>";
		};
		7108663F1B4228E100CE6090 /* Supporting Files */ = {
			isa = PBXGroup;
			children = (
				710866401B4228E100CE6090 /* Info.plist */,
			);
			name = "Supporting Files";
			sourceTree = "<group>";
		};
		710866541B4228E100CE6090 /* SwiftBeaconTests */ = {
			isa = PBXGroup;
			children = (
				710866571B4228E100CE6090 /* SwiftBeaconTests.swift */,
				710866551B4228E100CE6090 /* Supporting Files */,
			);
			path = SwiftBeaconTests;
			sourceTree = "<group>";
		};
		710866551B4228E100CE6090 /* Supporting Files */ = {
			isa = PBXGroup;
			children = (
				710866561B4228E100CE6090 /* Info.plist */,
			);
			name = "Supporting Files";
			sourceTree = "<group>";
		};
/* End PBXGroup section */

/* Begin PBXNativeTarget section */
		7108663B1B4228E000CE6090 /* SwiftBeacon */ = {
			isa = PBXNativeTarget;
			buildConfigurationList = 7108665B1B4228E100CE6090 /* Build configuration list for PBXNativeTarget "SwiftBeacon" */;
			buildPhases = (
				710866381B4228E000CE6090 /* Sources */,
				710866391B4228E000CE6090 /* Frameworks */,
				7108663A1B4228E000CE6090 /* Resources */,
			);
			buildRules = (
			);
			dependencies = (
			);
			name = SwiftBeacon;
			productName = SwiftBeacon;
			productReference = 7108663C1B4228E000CE6090 /* SwiftBeacon.app */;
			productType = "com.apple.product-type.application";
		};
		710866501B4228E100CE6090 /* SwiftBeaconTests */ = {
			isa = PBXNativeTarget;
			buildConfigurationList = 7108665E1B4228E100CE6090 /* Build configuration list for PBXNativeTarget "SwiftBeaconTests" */;
			buildPhases = (
				7108664D1B4228E100CE6090 /* Sources */,
				7108664E1B4228E100CE6090 /* Frameworks */,
				7108664F1B4228E100CE6090 /* Resources */,
			);
			buildRules = (
			);
			dependencies = (
				710866531B4228E100CE6090 /* PBXTargetDependency */,
			);
			name = SwiftBeaconTests;
			productName = SwiftBeaconTests;
			productReference = 710866511B4228E100CE6090 /* SwiftBeaconTests.xctest */;
			productType = "com.apple.product-type.bundle.unit-test";
		};
/* End PBXNativeTarget section */

/* Begin PBXProject section */
		710866341B4228E000CE6090 /* Project object */ = {
			isa = PBXProject;
			attributes = {
				LastUpgradeCheck = 0620;
				ORGANIZATIONNAME = "Paul Wallace";
				TargetAttributes = {
					7108663B1B4228E000CE6090 = {
						CreatedOnToolsVersion = 6.2;
					};
					710866501B4228E100CE6090 = {
						CreatedOnToolsVersion = 6.2;
						TestTargetID = 7108663B1B4228E000CE6090;
					};
				};
			};
			buildConfigurationList = 710866371B4228E000CE6090 /* Build configuration list for PBXProject "SwiftBeacon" */;
			compatibilityVersion = "Xcode 3.1";
			developmentRegion = English;
			hasScannedForEncodings = 0;
			knownRegions = (
				en,
				Base,
			);
			mainGroup = 710866331B4228E000CE6090;
			productRefGroup = 7108663D1B4228E000CE6090 /* Products */;
			projectDirPath = "";
			projectRoot = "";
			targets = (
				7108663B1B4228E000CE6090 /* SwiftBeacon */,
				710866501B4228E100CE6090 /* SwiftBeaconTests */,
			);
		};
/* End PBXProject section */

/* Begin PBXResourcesBuildPhase section */
		7108663A1B4228E000CE6090 /* Resources */ = {
			isa = PBXResourcesBuildPhase;
			buildActionMask = 2147483647;
			files = (
				710866471B4228E100CE6090 /* Main.storyboard in Resources */,
				7108664C1B4228E100CE6090 /* LaunchScreen.xib in Resources */,
				710866491B4228E100CE6090 /* Images.xcassets in Resources */,
				71B566681B44CBE0000258C9 /* testData.json in Resources */,
			);
			runOnlyForDeploymentPostprocessing = 0;
		};
		7108664F1B4228E100CE6090 /* Resources */ = {
			isa = PBXResourcesBuildPhase;
			buildActionMask = 2147483647;
			files = (
			);
			runOnlyForDeploymentPostprocessing = 0;
		};
/* End PBXResourcesBuildPhase section */

/* Begin PBXSourcesBuildPhase section */
		710866381B4228E000CE6090 /* Sources */ = {
			isa = PBXSourcesBuildPhase;
			buildActionMask = 2147483647;
			files = (
				71D4EBB71B43E0AB00B2A3D2 /* RootViewController.swift in Sources */,
				71ADFC401B4655DD00875924 /* BeaconFinder.swift in Sources */,
				719B0D881B46D45400712090 /* EventTopicModel.swift in Sources */,
				710866441B4228E100CE6090 /* DebugViewController.swift in Sources */,
				716C9E1C1B42719200C9AB9A /* EventTableViewController.swift in Sources */,
				716C9E1E1B4273B700C9AB9A /* EventModel.swift in Sources */,
				71ADFC421B46961600875924 /* SwiftyJSON.swift in Sources */,
				710866421B4228E100CE6090 /* AppDelegate.swift in Sources */,
			);
			runOnlyForDeploymentPostprocessing = 0;
		};
		7108664D1B4228E100CE6090 /* Sources */ = {
			isa = PBXSourcesBuildPhase;
			buildActionMask = 2147483647;
			files = (
				710866581B4228E100CE6090 /* SwiftBeaconTests.swift in Sources */,
			);
			runOnlyForDeploymentPostprocessing = 0;
		};
/* End PBXSourcesBuildPhase section */

/* Begin PBXTargetDependency section */
		710866531B4228E100CE6090 /* PBXTargetDependency */ = {
			isa = PBXTargetDependency;
			target = 7108663B1B4228E000CE6090 /* SwiftBeacon */;
			targetProxy = 710866521B4228E100CE6090 /* PBXContainerItemProxy */;
		};
/* End PBXTargetDependency section */

/* Begin PBXVariantGroup section */
		710866451B4228E100CE6090 /* Main.storyboard */ = {
			isa = PBXVariantGroup;
			children = (
				710866461B4228E100CE6090 /* Base */,
			);
			name = Main.storyboard;
			sourceTree = "<group>";
		};
		7108664A1B4228E100CE6090 /* LaunchScreen.xib */ = {
			isa = PBXVariantGroup;
			children = (
				7108664B1B4228E100CE6090 /* Base */,
			);
			name = LaunchScreen.xib;
			sourceTree = "<group>";
		};
/* End PBXVariantGroup section */

/* Begin XCBuildConfiguration section */
		710866591B4228E100CE6090 /* Debug */ = {
			isa = XCBuildConfiguration;
			buildSettings = {
				ALWAYS_SEARCH_USER_PATHS = NO;
				CLANG_CXX_LANGUAGE_STANDARD = "gnu++0x";
				CLANG_CXX_LIBRARY = "libc++";
				CLANG_ENABLE_MODULES = YES;
				CLANG_ENABLE_OBJC_ARC = YES;
				CLANG_WARN_BOOL_CONVERSION = YES;
				CLANG_WARN_CONSTANT_CONVERSION = YES;
				CLANG_WARN_DIRECT_OBJC_ISA_USAGE = YES_ERROR;
				CLANG_WARN_EMPTY_BODY = YES;
				CLANG_WARN_ENUM_CONVERSION = YES;
				CLANG_WARN_INT_CONVERSION = YES;
				CLANG_WARN_OBJC_ROOT_CLASS = YES_ERROR;
				CLANG_WARN_UNREACHABLE_CODE = YES;
				CLANG_WARN__DUPLICATE_METHOD_MATCH = YES;
				"CODE_SIGN_IDENTITY[sdk=iphoneos*]" = "iPhone Developer";
				COPY_PHASE_STRIP = NO;
				ENABLE_STRICT_OBJC_MSGSEND = YES;
				GCC_C_LANGUAGE_STANDARD = gnu99;
				GCC_DYNAMIC_NO_PIC = NO;
				GCC_OPTIMIZATION_LEVEL = 0;
				GCC_PREPROCESSOR_DEFINITIONS = (
					"DEBUG=1",
					"$(inherited)",
				);
				GCC_SYMBOLS_PRIVATE_EXTERN = NO;
				GCC_WARN_64_TO_32_BIT_CONVERSION = YES;
				GCC_WARN_ABOUT_RETURN_TYPE = YES_ERROR;
				GCC_WARN_UNDECLARED_SELECTOR = YES;
				GCC_WARN_UNINITIALIZED_AUTOS = YES_AGGRESSIVE;
				GCC_WARN_UNUSED_FUNCTION = YES;
				GCC_WARN_UNUSED_VARIABLE = YES;
				IPHONEOS_DEPLOYMENT_TARGET = 8.1;
				MTL_ENABLE_DEBUG_INFO = YES;
				ONLY_ACTIVE_ARCH = YES;
				SDKROOT = iphoneos;
				SWIFT_OPTIMIZATION_LEVEL = "-Onone";
				TARGETED_DEVICE_FAMILY = "1,2";
			};
			name = Debug;
		};
		7108665A1B4228E100CE6090 /* Release */ = {
			isa = XCBuildConfiguration;
			buildSettings = {
				ALWAYS_SEARCH_USER_PATHS = NO;
				CLANG_CXX_LANGUAGE_STANDARD = "gnu++0x";
				CLANG_CXX_LIBRARY = "libc++";
				CLANG_ENABLE_MODULES = YES;
				CLANG_ENABLE_OBJC_ARC = YES;
				CLANG_WARN_BOOL_CONVERSION = YES;
				CLANG_WARN_CONSTANT_CONVERSION = YES;
				CLANG_WARN_DIRECT_OBJC_ISA_USAGE = YES_ERROR;
				CLANG_WARN_EMPTY_BODY = YES;
				CLANG_WARN_ENUM_CONVERSION = YES;
				CLANG_WARN_INT_CONVERSION = YES;
				CLANG_WARN_OBJC_ROOT_CLASS = YES_ERROR;
				CLANG_WARN_UNREACHABLE_CODE = YES;
				CLANG_WARN__DUPLICATE_METHOD_MATCH = YES;
				"CODE_SIGN_IDENTITY[sdk=iphoneos*]" = "iPhone Developer";
				COPY_PHASE_STRIP = NO;
				ENABLE_NS_ASSERTIONS = NO;
				ENABLE_STRICT_OBJC_MSGSEND = YES;
				GCC_C_LANGUAGE_STANDARD = gnu99;
				GCC_WARN_64_TO_32_BIT_CONVERSION = YES;
				GCC_WARN_ABOUT_RETURN_TYPE = YES_ERROR;
				GCC_WARN_UNDECLARED_SELECTOR = YES;
				GCC_WARN_UNINITIALIZED_AUTOS = YES_AGGRESSIVE;
				GCC_WARN_UNUSED_FUNCTION = YES;
				GCC_WARN_UNUSED_VARIABLE = YES;
				IPHONEOS_DEPLOYMENT_TARGET = 8.1;
				MTL_ENABLE_DEBUG_INFO = NO;
				ONLY_ACTIVE_ARCH = YES;
				SDKROOT = iphoneos;
				TARGETED_DEVICE_FAMILY = "1,2";
				VALIDATE_PRODUCT = YES;
			};
			name = Release;
		};
		7108665C1B4228E100CE6090 /* Debug */ = {
			isa = XCBuildConfiguration;
			buildSettings = {
				ASSETCATALOG_COMPILER_APPICON_NAME = AppIcon;
				CLANG_ENABLE_MODULES = YES;
				INFOPLIST_FILE = SwiftBeacon/Info.plist;
				LD_RUNPATH_SEARCH_PATHS = "$(inherited) @executable_path/Frameworks";
				PRODUCT_NAME = "$(TARGET_NAME)";
				SWIFT_OBJC_BRIDGING_HEADER = "SwiftBeacon/SwiftBeacon-Bridging-Header.h";
				SWIFT_OPTIMIZATION_LEVEL = "-Onone";
			};
			name = Debug;
		};
		7108665D1B4228E100CE6090 /* Release */ = {
			isa = XCBuildConfiguration;
			buildSettings = {
				ASSETCATALOG_COMPILER_APPICON_NAME = AppIcon;
				CLANG_ENABLE_MODULES = YES;
				INFOPLIST_FILE = SwiftBeacon/Info.plist;
				LD_RUNPATH_SEARCH_PATHS = "$(inherited) @executable_path/Frameworks";
				PRODUCT_NAME = "$(TARGET_NAME)";
				SWIFT_OBJC_BRIDGING_HEADER = "SwiftBeacon/SwiftBeacon-Bridging-Header.h";
			};
			name = Release;
		};
		7108665F1B4228E100CE6090 /* Debug */ = {
			isa = XCBuildConfiguration;
			buildSettings = {
				BUNDLE_LOADER = "$(TEST_HOST)";
				FRAMEWORK_SEARCH_PATHS = (
					"$(SDKROOT)/Developer/Library/Frameworks",
					"$(inherited)",
				);
				GCC_PREPROCESSOR_DEFINITIONS = (
					"DEBUG=1",
					"$(inherited)",
				);
				INFOPLIST_FILE = SwiftBeaconTests/Info.plist;
				LD_RUNPATH_SEARCH_PATHS = "$(inherited) @executable_path/Frameworks @loader_path/Frameworks";
				PRODUCT_NAME = "$(TARGET_NAME)";
				TEST_HOST = "$(BUILT_PRODUCTS_DIR)/SwiftBeacon.app/SwiftBeacon";
			};
			name = Debug;
		};
		710866601B4228E100CE6090 /* Release */ = {
			isa = XCBuildConfiguration;
			buildSettings = {
				BUNDLE_LOADER = "$(TEST_HOST)";
				FRAMEWORK_SEARCH_PATHS = (
					"$(SDKROOT)/Developer/Library/Frameworks",
					"$(inherited)",
				);
				INFOPLIST_FILE = SwiftBeaconTests/Info.plist;
				LD_RUNPATH_SEARCH_PATHS = "$(inherited) @executable_path/Frameworks @loader_path/Frameworks";
				PRODUCT_NAME = "$(TARGET_NAME)";
				TEST_HOST = "$(BUILT_PRODUCTS_DIR)/SwiftBeacon.app/SwiftBeacon";
			};
			name = Release;
		};
/* End XCBuildConfiguration section */

/* Begin XCConfigurationList section */
		710866371B4228E000CE6090 /* Build configuration list for PBXProject "SwiftBeacon" */ = {
			isa = XCConfigurationList;
			buildConfigurations = (
				710866591B4228E100CE6090 /* Debug */,
				7108665A1B4228E100CE6090 /* Release */,
			);
			defaultConfigurationIsVisible = 0;
			defaultConfigurationName = Release;
		};
		7108665B1B4228E100CE6090 /* Build configuration list for PBXNativeTarget "SwiftBeacon" */ = {
			isa = XCConfigurationList;
			buildConfigurations = (
				7108665C1B4228E100CE6090 /* Debug */,
				7108665D1B4228E100CE6090 /* Release */,
			);
			defaultConfigurationIsVisible = 0;
			defaultConfigurationName = Release;
		};
		7108665E1B4228E100CE6090 /* Build configuration list for PBXNativeTarget "SwiftBeaconTests" */ = {
			isa = XCConfigurationList;
			buildConfigurations = (
				7108665F1B4228E100CE6090 /* Debug */,
				710866601B4228E100CE6090 /* Release */,
			);
			defaultConfigurationIsVisible = 0;
			defaultConfigurationName = Release;
		};
/* End XCConfigurationList section */
	};
	rootObject = 710866341B4228E000CE6090 /* Project object */;
}
